
Microsoft Visual Studio Solution File, Format Version 12.00
# Visual Studio Version 17
VisualStudioVersion = 17.0.31903.59
MinimumVisualStudioVersion = 10.0.40219.1
Project("{FAE04EC0-301F-11D3-BF4B-00C04F79EFBC}") = "LineComparison", "LineComparison\LineComparison.csproj", "{ADD43E5D-06FB-44B0-A9FF-2F470B859F2D}"
EndProject
Global
	GlobalSection(SolutionConfigurationPlatforms) = preSolution
		Debug|Any CPU = Debug|Any CPU
		Release|Any CPU = Release|Any CPU
	EndGlobalSection
	GlobalSection(ProjectConfigurationPlatforms) = postSolution
		{ADD43E5D-06FB-44B0-A9FF-2F470B859F2D}.Debug|Any CPU.ActiveCfg = Debug|Any CPU
		{ADD43E5D-06FB-44B0-A9FF-2F470B859F2D}.Debug|Any CPU.Build.0 = Debug|Any CPU
		{ADD43E5D-06FB-44B0-A9FF-2F470B859F2D}.Release|Any CPU.ActiveCfg = Release|Any CPU
		{ADD43E5D-06FB-44B0-A9FF-2F470B859F2D}.Release|Any CPU.Build.0 = Release|Any CPU
	EndGlobalSection
	GlobalSection(SolutionProperties) = preSolution
		HideSolutionNode = FALSE
	EndGlobalSection
	GlobalSection(ExtensibilityGlobals) = postSolution
		SolutionGuid = {3867EE86-1104-4250-93FB-552F0C42E5F6}
	EndGlobalSection
EndGlobal
